
Microsoft Visual Studio Solution File, Format Version 12.00
# Visual Studio Version 16
VisualStudioVersion = 16.0.31424.327
MinimumVisualStudioVersion = 10.0.40219.1
Project("{FAE04EC0-301F-11D3-BF4B-00C04F79EFBC}") = "Wpf 1", "Wpf 1\Wpf 1.csproj", "{9B702F41-8EBF-474C-8A6B-F442623D9EAA}"
EndProject
Global
	GlobalSection(SolutionConfigurationPlatforms) = preSolution
		Debug|Any CPU = Debug|Any CPU
		Release|Any CPU = Release|Any CPU
	EndGlobalSection
	GlobalSection(ProjectConfigurationPlatforms) = postSolution
		{9B702F41-8EBF-474C-8A6B-F442623D9EAA}.Debug|Any CPU.ActiveCfg = Debug|Any CPU
		{9B702F41-8EBF-474C-8A6B-F442623D9EAA}.Debug|Any CPU.Build.0 = Debug|Any CPU
		{9B702F41-8EBF-474C-8A6B-F442623D9EAA}.Release|Any CPU.ActiveCfg = Release|Any CPU
		{9B702F41-8EBF-474C-8A6B-F442623D9EAA}.Release|Any CPU.Build.0 = Release|Any CPU
	EndGlobalSection
	GlobalSection(SolutionProperties) = preSolution
		HideSolutionNode = FALSE
	EndGlobalSection
	GlobalSection(ExtensibilityGlobals) = postSolution
		SolutionGuid = {DF99C40C-E726-487C-8B68-3C8C67B9C72C}
	EndGlobalSection
EndGlobal
